
Microsoft Visual Studio Solution File, Format Version 12.00
# Visual Studio Version 17
VisualStudioVersion = 17.12.35707.178 d17.12
MinimumVisualStudioVersion = 10.0.40219.1
Project("{FAE04EC0-301F-11D3-BF4B-00C04F79EFBC}") = "SocketServerApp", "SocketServerApp\SocketServerApp.csproj", "{8BD5B07A-9752-4FC4-85C8-9617629B6744}"
EndProject
Project("{FAE04EC0-301F-11D3-BF4B-00C04F79EFBC}") = "SocketClientApp", "SocketClientApp\SocketClientApp.csproj", "{137CB0B7-B2B1-453F-A831-52D829F5BFB1}"
EndProject
Global
	GlobalSection(SolutionConfigurationPlatforms) = preSolution
		Debug|Any CPU = Debug|Any CPU
		Release|Any CPU = Release|Any CPU
	EndGlobalSection
	GlobalSection(ProjectConfigurationPlatforms) = postSolution
		{8BD5B07A-9752-4FC4-85C8-9617629B6744}.Debug|Any CPU.ActiveCfg = Debug|Any CPU
		{8BD5B07A-9752-4FC4-85C8-9617629B6744}.Debug|Any CPU.Build.0 = Debug|Any CPU
		{8BD5B07A-9752-4FC4-85C8-9617629B6744}.Release|Any CPU.ActiveCfg = Release|Any CPU
		{8BD5B07A-9752-4FC4-85C8-9617629B6744}.Release|Any CPU.Build.0 = Release|Any CPU
		{137CB0B7-B2B1-453F-A831-52D829F5BFB1}.Debug|Any CPU.ActiveCfg = Debug|Any CPU
		{137CB0B7-B2B1-453F-A831-52D829F5BFB1}.Debug|Any CPU.Build.0 = Debug|Any CPU
		{137CB0B7-B2B1-453F-A831-52D829F5BFB1}.Release|Any CPU.ActiveCfg = Release|Any CPU
		{137CB0B7-B2B1-453F-A831-52D829F5BFB1}.Release|Any CPU.Build.0 = Release|Any CPU
	EndGlobalSection
	GlobalSection(SolutionProperties) = preSolution
		HideSolutionNode = FALSE
	EndGlobalSection
EndGlobal
